
Microsoft Visual Studio Solution File, Format Version 12.00
Project("{FAE04EC0-301F-11D3-BF4B-00C04F79EFBC}") = "Teams.WriteHost", "Teams.WriteHost\Teams.WriteHost.csproj", "{069C665A-1114-4C76-8B73-0B9FC86D1A21}"
EndProject
Project("{FAE04EC0-301F-11D3-BF4B-00C04F79EFBC}") = "Application.Teams", "Application.Teams\Application.Teams.csproj", "{51A383C6-126C-4AF4-B356-CCF9FD32A482}"
EndProject
Project("{FAE04EC0-301F-11D3-BF4B-00C04F79EFBC}") = "Domain.Players", "Domain.Players\Domain.Players.csproj", "{E06D15F5-E76B-4597-A8AA-7795595FC79F}"
EndProject
Project("{FAE04EC0-301F-11D3-BF4B-00C04F79EFBC}") = "Domain.Teams", "Domain.Teams\Domain.Teams.csproj", "{A799081B-8570-4EEE-B8A0-00F98064F5D7}"
EndProject
Project("{FAE04EC0-301F-11D3-BF4B-00C04F79EFBC}") = "WebApi.Teams", "WebApi.Teams\WebApi.Teams.csproj", "{5527F42D-C1D2-467C-B835-84FF347112BB}"
EndProject
Project("{FAE04EC0-301F-11D3-BF4B-00C04F79EFBC}") = "Teams.ReadHost", "Teams.ReadHost\Teams.ReadHost.csproj", "{4E8381A1-487A-4FD1-9554-69B3E56EFAE1}"
EndProject
Project("{2150E333-8FDC-42A3-9474-1A3956D46DE8}") = "Players", "Players", "{6CD21BF4-3E2A-42D8-8E1A-35BA8BA555CE}"
EndProject
Project("{2150E333-8FDC-42A3-9474-1A3956D46DE8}") = "Teams", "Teams", "{04090BE6-D0C2-43A6-8940-40E23AAFA2EF}"
EndProject
Project("{FAE04EC0-301F-11D3-BF4B-00C04F79EFBC}") = "Application.Players", "Application.Players\Application.Players.csproj", "{DAC321E9-BBEB-4373-9AB0-24ED88D36DAA}"
EndProject
Project("{2150E333-8FDC-42A3-9474-1A3956D46DE8}") = "ReadHosts", "ReadHosts", "{64F06669-5C6B-4CCB-A5ED-D1E0FE9A8F83}"
EndProject
Project("{2150E333-8FDC-42A3-9474-1A3956D46DE8}") = "WriteHosts", "WriteHosts", "{B1FFAC8F-CC2F-4980-B2EE-AE3138D30921}"
EndProject
Project("{FAE04EC0-301F-11D3-BF4B-00C04F79EFBC}") = "Players.WriteHost", "Players.WriteHost\Players.WriteHost.csproj", "{1AD831C5-D55B-4298-88E9-BE65699C243A}"
EndProject
Project("{FAE04EC0-301F-11D3-BF4B-00C04F79EFBC}") = "WebApi.Players", "WebApi.Players\WebApi.Players.csproj", "{B06FD563-4256-422D-A06D-6DB256681B18}"
EndProject
Project("{FAE04EC0-301F-11D3-BF4B-00C04F79EFBC}") = "Domain.Players.UnitTests", "Domain.Players.UnitTests\Domain.Players.UnitTests.csproj", "{02A75C12-ECC5-4583-8978-230ADF1B7A57}"
EndProject
Project("{FAE04EC0-301F-11D3-BF4B-00C04F79EFBC}") = "Application.Players.UnitTests", "Application.Players.UnitTests\Application.Players.UnitTests.csproj", "{8F31816C-BC83-4506-9AE4-E3722FF34EE0}"
EndProject
Project("{2150E333-8FDC-42A3-9474-1A3956D46DE8}") = "Matches", "Matches", "{1D8B2F6D-0089-4F45-879C-06CABB28A56E}"
EndProject
Project("{FAE04EC0-301F-11D3-BF4B-00C04F79EFBC}") = "Domain.Matches", "Domain.Matches\Domain.Matches.csproj", "{4C7D7625-0CDB-4E60-8E70-194D02853264}"
EndProject
Project("{FAE04EC0-301F-11D3-BF4B-00C04F79EFBC}") = "Application.Matches", "Application.Matches\Application.Matches.csproj", "{07504D2B-2FD4-4BEE-8C8F-A200984D81AD}"
EndProject
Global
	GlobalSection(SolutionConfigurationPlatforms) = preSolution
		Debug|Any CPU = Debug|Any CPU
		Release|Any CPU = Release|Any CPU
	EndGlobalSection
	GlobalSection(ProjectConfigurationPlatforms) = postSolution
		{069C665A-1114-4C76-8B73-0B9FC86D1A21}.Debug|Any CPU.ActiveCfg = Debug|Any CPU
		{069C665A-1114-4C76-8B73-0B9FC86D1A21}.Debug|Any CPU.Build.0 = Debug|Any CPU
		{069C665A-1114-4C76-8B73-0B9FC86D1A21}.Release|Any CPU.ActiveCfg = Release|Any CPU
		{069C665A-1114-4C76-8B73-0B9FC86D1A21}.Release|Any CPU.Build.0 = Release|Any CPU
		{51A383C6-126C-4AF4-B356-CCF9FD32A482}.Debug|Any CPU.ActiveCfg = Debug|Any CPU
		{51A383C6-126C-4AF4-B356-CCF9FD32A482}.Debug|Any CPU.Build.0 = Debug|Any CPU
		{51A383C6-126C-4AF4-B356-CCF9FD32A482}.Release|Any CPU.ActiveCfg = Release|Any CPU
		{51A383C6-126C-4AF4-B356-CCF9FD32A482}.Release|Any CPU.Build.0 = Release|Any CPU
		{E06D15F5-E76B-4597-A8AA-7795595FC79F}.Debug|Any CPU.ActiveCfg = Debug|Any CPU
		{E06D15F5-E76B-4597-A8AA-7795595FC79F}.Debug|Any CPU.Build.0 = Debug|Any CPU
		{E06D15F5-E76B-4597-A8AA-7795595FC79F}.Release|Any CPU.ActiveCfg = Release|Any CPU
		{E06D15F5-E76B-4597-A8AA-7795595FC79F}.Release|Any CPU.Build.0 = Release|Any CPU
		{A799081B-8570-4EEE-B8A0-00F98064F5D7}.Debug|Any CPU.ActiveCfg = Debug|Any CPU
		{A799081B-8570-4EEE-B8A0-00F98064F5D7}.Debug|Any CPU.Build.0 = Debug|Any CPU
		{A799081B-8570-4EEE-B8A0-00F98064F5D7}.Release|Any CPU.ActiveCfg = Release|Any CPU
		{A799081B-8570-4EEE-B8A0-00F98064F5D7}.Release|Any CPU.Build.0 = Release|Any CPU
		{5527F42D-C1D2-467C-B835-84FF347112BB}.Debug|Any CPU.ActiveCfg = Debug|Any CPU
		{5527F42D-C1D2-467C-B835-84FF347112BB}.Debug|Any CPU.Build.0 = Debug|Any CPU
		{5527F42D-C1D2-467C-B835-84FF347112BB}.Release|Any CPU.ActiveCfg = Release|Any CPU
		{5527F42D-C1D2-467C-B835-84FF347112BB}.Release|Any CPU.Build.0 = Release|Any CPU
		{4E8381A1-487A-4FD1-9554-69B3E56EFAE1}.Debug|Any CPU.ActiveCfg = Debug|Any CPU
		{4E8381A1-487A-4FD1-9554-69B3E56EFAE1}.Debug|Any CPU.Build.0 = Debug|Any CPU
		{4E8381A1-487A-4FD1-9554-69B3E56EFAE1}.Release|Any CPU.ActiveCfg = Release|Any CPU
		{4E8381A1-487A-4FD1-9554-69B3E56EFAE1}.Release|Any CPU.Build.0 = Release|Any CPU
		{DAC321E9-BBEB-4373-9AB0-24ED88D36DAA}.Debug|Any CPU.ActiveCfg = Debug|Any CPU
		{DAC321E9-BBEB-4373-9AB0-24ED88D36DAA}.Debug|Any CPU.Build.0 = Debug|Any CPU
		{DAC321E9-BBEB-4373-9AB0-24ED88D36DAA}.Release|Any CPU.ActiveCfg = Release|Any CPU
		{DAC321E9-BBEB-4373-9AB0-24ED88D36DAA}.Release|Any CPU.Build.0 = Release|Any CPU
		{1AD831C5-D55B-4298-88E9-BE65699C243A}.Debug|Any CPU.ActiveCfg = Debug|Any CPU
		{1AD831C5-D55B-4298-88E9-BE65699C243A}.Debug|Any CPU.Build.0 = Debug|Any CPU
		{1AD831C5-D55B-4298-88E9-BE65699C243A}.Release|Any CPU.ActiveCfg = Release|Any CPU
		{1AD831C5-D55B-4298-88E9-BE65699C243A}.Release|Any CPU.Build.0 = Release|Any CPU
		{B06FD563-4256-422D-A06D-6DB256681B18}.Debug|Any CPU.ActiveCfg = Debug|Any CPU
		{B06FD563-4256-422D-A06D-6DB256681B18}.Debug|Any CPU.Build.0 = Debug|Any CPU
		{B06FD563-4256-422D-A06D-6DB256681B18}.Release|Any CPU.ActiveCfg = Release|Any CPU
		{B06FD563-4256-422D-A06D-6DB256681B18}.Release|Any CPU.Build.0 = Release|Any CPU
		{02A75C12-ECC5-4583-8978-230ADF1B7A57}.Debug|Any CPU.ActiveCfg = Debug|Any CPU
		{02A75C12-ECC5-4583-8978-230ADF1B7A57}.Debug|Any CPU.Build.0 = Debug|Any CPU
		{02A75C12-ECC5-4583-8978-230ADF1B7A57}.Release|Any CPU.ActiveCfg = Release|Any CPU
		{02A75C12-ECC5-4583-8978-230ADF1B7A57}.Release|Any CPU.Build.0 = Release|Any CPU
		{8F31816C-BC83-4506-9AE4-E3722FF34EE0}.Debug|Any CPU.ActiveCfg = Debug|Any CPU
		{8F31816C-BC83-4506-9AE4-E3722FF34EE0}.Debug|Any CPU.Build.0 = Debug|Any CPU
		{8F31816C-BC83-4506-9AE4-E3722FF34EE0}.Release|Any CPU.ActiveCfg = Release|Any CPU
		{8F31816C-BC83-4506-9AE4-E3722FF34EE0}.Release|Any CPU.Build.0 = Release|Any CPU
		{4C7D7625-0CDB-4E60-8E70-194D02853264}.Debug|Any CPU.ActiveCfg = Debug|Any CPU
		{4C7D7625-0CDB-4E60-8E70-194D02853264}.Debug|Any CPU.Build.0 = Debug|Any CPU
		{4C7D7625-0CDB-4E60-8E70-194D02853264}.Release|Any CPU.ActiveCfg = Release|Any CPU
		{4C7D7625-0CDB-4E60-8E70-194D02853264}.Release|Any CPU.Build.0 = Release|Any CPU
		{07504D2B-2FD4-4BEE-8C8F-A200984D81AD}.Debug|Any CPU.ActiveCfg = Debug|Any CPU
		{07504D2B-2FD4-4BEE-8C8F-A200984D81AD}.Debug|Any CPU.Build.0 = Debug|Any CPU
		{07504D2B-2FD4-4BEE-8C8F-A200984D81AD}.Release|Any CPU.ActiveCfg = Release|Any CPU
		{07504D2B-2FD4-4BEE-8C8F-A200984D81AD}.Release|Any CPU.Build.0 = Release|Any CPU
	EndGlobalSection
	GlobalSection(NestedProjects) = preSolution
		{51A383C6-126C-4AF4-B356-CCF9FD32A482} = {04090BE6-D0C2-43A6-8940-40E23AAFA2EF}
		{A799081B-8570-4EEE-B8A0-00F98064F5D7} = {04090BE6-D0C2-43A6-8940-40E23AAFA2EF}
		{E06D15F5-E76B-4597-A8AA-7795595FC79F} = {6CD21BF4-3E2A-42D8-8E1A-35BA8BA555CE}
		{DAC321E9-BBEB-4373-9AB0-24ED88D36DAA} = {6CD21BF4-3E2A-42D8-8E1A-35BA8BA555CE}
		{5527F42D-C1D2-467C-B835-84FF347112BB} = {04090BE6-D0C2-43A6-8940-40E23AAFA2EF}
		{069C665A-1114-4C76-8B73-0B9FC86D1A21} = {B1FFAC8F-CC2F-4980-B2EE-AE3138D30921}
		{1AD831C5-D55B-4298-88E9-BE65699C243A} = {B1FFAC8F-CC2F-4980-B2EE-AE3138D30921}
		{4E8381A1-487A-4FD1-9554-69B3E56EFAE1} = {64F06669-5C6B-4CCB-A5ED-D1E0FE9A8F83}
		{B06FD563-4256-422D-A06D-6DB256681B18} = {6CD21BF4-3E2A-42D8-8E1A-35BA8BA555CE}
		{02A75C12-ECC5-4583-8978-230ADF1B7A57} = {6CD21BF4-3E2A-42D8-8E1A-35BA8BA555CE}
		{8F31816C-BC83-4506-9AE4-E3722FF34EE0} = {6CD21BF4-3E2A-42D8-8E1A-35BA8BA555CE}
		{4C7D7625-0CDB-4E60-8E70-194D02853264} = {1D8B2F6D-0089-4F45-879C-06CABB28A56E}
		{07504D2B-2FD4-4BEE-8C8F-A200984D81AD} = {1D8B2F6D-0089-4F45-879C-06CABB28A56E}
	EndGlobalSection
EndGlobal
