
Microsoft Visual Studio Solution File, Format Version 12.00
Project("{FAE04EC0-301F-11D3-BF4B-00C04F79EFBC}") = "BloodBowlLeagueBackend", "BloodBowlLeagueBackend\BloodBowlLeagueBackend.csproj", "{069C665A-1114-4C76-8B73-0B9FC86D1A21}"
EndProject
Project("{FAE04EC0-301F-11D3-BF4B-00C04F79EFBC}") = "Application.Teams", "Application.Teams\Application.Teams.csproj", "{51A383C6-126C-4AF4-B356-CCF9FD32A482}"
EndProject
Project("{FAE04EC0-301F-11D3-BF4B-00C04F79EFBC}") = "Domain.Players", "Domain.Players\Domain.Players.csproj", "{E06D15F5-E76B-4597-A8AA-7795595FC79F}"
EndProject
Project("{FAE04EC0-301F-11D3-BF4B-00C04F79EFBC}") = "Domain.Teams", "Domain.Teams\Domain.Teams.csproj", "{A799081B-8570-4EEE-B8A0-00F98064F5D7}"
EndProject
Project("{FAE04EC0-301F-11D3-BF4B-00C04F79EFBC}") = "Querries.Teams", "Querries.Teams\Querries.Teams.csproj", "{E59A4BD2-DE37-48CE-BB6A-1D0FCB2B315C}"
EndProject
Project("{FAE04EC0-301F-11D3-BF4B-00C04F79EFBC}") = "WebApi.Teams", "WebApi.Teams\WebApi.Teams.csproj", "{5527F42D-C1D2-467C-B835-84FF347112BB}"
EndProject
Project("{FAE04EC0-301F-11D3-BF4B-00C04F79EFBC}") = "QuerryHost.Teams", "QuerryHost.Teams\QuerryHost.Teams.csproj", "{4E8381A1-487A-4FD1-9554-69B3E56EFAE1}"
EndProject
Global
	GlobalSection(SolutionConfigurationPlatforms) = preSolution
		Debug|Any CPU = Debug|Any CPU
		Release|Any CPU = Release|Any CPU
	EndGlobalSection
	GlobalSection(ProjectConfigurationPlatforms) = postSolution
		{069C665A-1114-4C76-8B73-0B9FC86D1A21}.Debug|Any CPU.ActiveCfg = Debug|Any CPU
		{069C665A-1114-4C76-8B73-0B9FC86D1A21}.Debug|Any CPU.Build.0 = Debug|Any CPU
		{069C665A-1114-4C76-8B73-0B9FC86D1A21}.Release|Any CPU.ActiveCfg = Release|Any CPU
		{069C665A-1114-4C76-8B73-0B9FC86D1A21}.Release|Any CPU.Build.0 = Release|Any CPU
		{51A383C6-126C-4AF4-B356-CCF9FD32A482}.Debug|Any CPU.ActiveCfg = Debug|Any CPU
		{51A383C6-126C-4AF4-B356-CCF9FD32A482}.Debug|Any CPU.Build.0 = Debug|Any CPU
		{51A383C6-126C-4AF4-B356-CCF9FD32A482}.Release|Any CPU.ActiveCfg = Release|Any CPU
		{51A383C6-126C-4AF4-B356-CCF9FD32A482}.Release|Any CPU.Build.0 = Release|Any CPU
		{E06D15F5-E76B-4597-A8AA-7795595FC79F}.Debug|Any CPU.ActiveCfg = Debug|Any CPU
		{E06D15F5-E76B-4597-A8AA-7795595FC79F}.Debug|Any CPU.Build.0 = Debug|Any CPU
		{E06D15F5-E76B-4597-A8AA-7795595FC79F}.Release|Any CPU.ActiveCfg = Release|Any CPU
		{E06D15F5-E76B-4597-A8AA-7795595FC79F}.Release|Any CPU.Build.0 = Release|Any CPU
		{A799081B-8570-4EEE-B8A0-00F98064F5D7}.Debug|Any CPU.ActiveCfg = Debug|Any CPU
		{A799081B-8570-4EEE-B8A0-00F98064F5D7}.Debug|Any CPU.Build.0 = Debug|Any CPU
		{A799081B-8570-4EEE-B8A0-00F98064F5D7}.Release|Any CPU.ActiveCfg = Release|Any CPU
		{A799081B-8570-4EEE-B8A0-00F98064F5D7}.Release|Any CPU.Build.0 = Release|Any CPU
		{E59A4BD2-DE37-48CE-BB6A-1D0FCB2B315C}.Debug|Any CPU.ActiveCfg = Debug|Any CPU
		{E59A4BD2-DE37-48CE-BB6A-1D0FCB2B315C}.Debug|Any CPU.Build.0 = Debug|Any CPU
		{E59A4BD2-DE37-48CE-BB6A-1D0FCB2B315C}.Release|Any CPU.ActiveCfg = Release|Any CPU
		{E59A4BD2-DE37-48CE-BB6A-1D0FCB2B315C}.Release|Any CPU.Build.0 = Release|Any CPU
		{5527F42D-C1D2-467C-B835-84FF347112BB}.Debug|Any CPU.ActiveCfg = Debug|Any CPU
		{5527F42D-C1D2-467C-B835-84FF347112BB}.Debug|Any CPU.Build.0 = Debug|Any CPU
		{5527F42D-C1D2-467C-B835-84FF347112BB}.Release|Any CPU.ActiveCfg = Release|Any CPU
		{5527F42D-C1D2-467C-B835-84FF347112BB}.Release|Any CPU.Build.0 = Release|Any CPU
		{4E8381A1-487A-4FD1-9554-69B3E56EFAE1}.Debug|Any CPU.ActiveCfg = Debug|Any CPU
		{4E8381A1-487A-4FD1-9554-69B3E56EFAE1}.Debug|Any CPU.Build.0 = Debug|Any CPU
		{4E8381A1-487A-4FD1-9554-69B3E56EFAE1}.Release|Any CPU.ActiveCfg = Release|Any CPU
		{4E8381A1-487A-4FD1-9554-69B3E56EFAE1}.Release|Any CPU.Build.0 = Release|Any CPU
	EndGlobalSection
EndGlobal
